
Microsoft Visual Studio Solution File, Format Version 12.00
# Visual Studio Version 17
VisualStudioVersion = 17.8.34525.116
MinimumVisualStudioVersion = 10.0.40219.1
Project("{FAE04EC0-301F-11D3-BF4B-00C04F79EFBC}") = "Woodson.Chapter24", "Woodson.Chapter24\Woodson.Chapter24.csproj", "{92A43FF4-1CBF-4836-8B0E-B726A69A75D6}"
EndProject
Global
	GlobalSection(SolutionConfigurationPlatforms) = preSolution
		Debug|Any CPU = Debug|Any CPU
		Release|Any CPU = Release|Any CPU
	EndGlobalSection
	GlobalSection(ProjectConfigurationPlatforms) = postSolution
		{92A43FF4-1CBF-4836-8B0E-B726A69A75D6}.Debug|Any CPU.ActiveCfg = Debug|Any CPU
		{92A43FF4-1CBF-4836-8B0E-B726A69A75D6}.Debug|Any CPU.Build.0 = Debug|Any CPU
		{92A43FF4-1CBF-4836-8B0E-B726A69A75D6}.Release|Any CPU.ActiveCfg = Release|Any CPU
		{92A43FF4-1CBF-4836-8B0E-B726A69A75D6}.Release|Any CPU.Build.0 = Release|Any CPU
	EndGlobalSection
	GlobalSection(SolutionProperties) = preSolution
		HideSolutionNode = FALSE
	EndGlobalSection
	GlobalSection(ExtensibilityGlobals) = postSolution
		SolutionGuid = {A9A751C8-AA70-49E4-BB93-D88295034069}
	EndGlobalSection
EndGlobal
